
Microsoft Visual Studio Solution File, Format Version 12.00
# Visual Studio Version 16
VisualStudioVersion = 16.0.30907.101
MinimumVisualStudioVersion = 10.0.40219.1
Project("{FAE04EC0-301F-11D3-BF4B-00C04F79EFBC}") = "Lab1", "Lab1\Lab1.csproj", "{AEF61F16-1656-4A47-B199-1EA21D43D783}"
EndProject
Global
	GlobalSection(SolutionConfigurationPlatforms) = preSolution
		Debug|Any CPU = Debug|Any CPU
		Release|Any CPU = Release|Any CPU
	EndGlobalSection
	GlobalSection(ProjectConfigurationPlatforms) = postSolution
		{AEF61F16-1656-4A47-B199-1EA21D43D783}.Debug|Any CPU.ActiveCfg = Debug|Any CPU
		{AEF61F16-1656-4A47-B199-1EA21D43D783}.Debug|Any CPU.Build.0 = Debug|Any CPU
		{AEF61F16-1656-4A47-B199-1EA21D43D783}.Release|Any CPU.ActiveCfg = Release|Any CPU
		{AEF61F16-1656-4A47-B199-1EA21D43D783}.Release|Any CPU.Build.0 = Release|Any CPU
	EndGlobalSection
	GlobalSection(SolutionProperties) = preSolution
		HideSolutionNode = FALSE
	EndGlobalSection
	GlobalSection(ExtensibilityGlobals) = postSolution
		SolutionGuid = {C80B663A-B014-40C3-9F1A-A4D0D1CA6917}
	EndGlobalSection
EndGlobal
